<?xml version="1.0" encoding="utf-8"?>
<Project ToolsVersion="4.0" xmlns="http://schemas.microsoft.com/developer/msbuild/2003">
  <ItemGroup>
    <Filter Include="Source Files">
      <UniqueIdentifier>{4FC737F1-C7A5-4376-A066-2A32D752A2FF}</UniqueIdentifier>
      <Extensions>cpp;c;cc;cxx;c++;cppm;ixx;def;odl;idl;hpj;bat;asm;asmx</Extensions>
    </Filter>
    <Filter Include="Header Files">
      <UniqueIdentifier>{93995380-89BD-4b04-88EB-625FBE52EBFB}</UniqueIdentifier>
      <Extensions>h;hh;hpp;hxx;h++;hm;inl;inc;ipp;xsd</Extensions>
    </Filter>
    <Filter Include="Resource Files">
      <UniqueIdentifier>{67DA6AB6-F800-4c08-8B7A-83BB121AAD01}</UniqueIdentifier>
      <Extensions>rc;ico;cur;bmp;dlg;rc2;rct;bin;rgs;gif;jpg;jpeg;jpe;resx;tiff;tif;png;wav;mfcribbon-ms</Extensions>
    </Filter>
    <Filter Include="Encryptions">
      <UniqueIdentifier>{5f27548a-730a-40c1-b587-3affefa232d0}</UniqueIdentifier>
    </Filter>
  </ItemGroup>
  <ItemGroup>
    <ClCompile Include="..\ServerProject\Constants.cpp">
      <Filter>Source Files</Filter>
    </ClCompile>
    <ClCompile Include="..\ServerProject\ConversationObject.cpp">
      <Filter>Source Files</Filter>
    </ClCompile>
    <ClCompile Include="..\ServerProject\DatabaseHelper.cpp">
      <Filter>Source Files</Filter>
    </ClCompile>
    <ClCompile Include="..\ServerProject\Logger.cpp">
      <Filter>Source Files</Filter>
    </ClCompile>
    <ClCompile Include="..\ServerProject\main.cpp">
      <Filter>Source Files</Filter>
    </ClCompile>
    <ClCompile Include="..\ServerProject\NodeData.cpp">
      <Filter>Source Files</Filter>
    </ClCompile>
    <ClCompile Include="..\ServerProject\sqlite3.c">
      <Filter>Source Files</Filter>
    </ClCompile>
    <ClCompile Include="..\ServerProject\StatsData.cpp">
      <Filter>Source Files</Filter>
    </ClCompile>
    <ClCompile Include="..\ServerProject\Utility.cpp">
      <Filter>Source Files</Filter>
    </ClCompile>
    <ClCompile Include="Client.cpp">
      <Filter>Source Files</Filter>
    </ClCompile>
    <ClCompile Include="main.cpp">
      <Filter>Source Files</Filter>
    </ClCompile>
    <ClCompile Include="..\ServerProject\ECCHandler.cpp">
      <Filter>Encryptions</Filter>
    </ClCompile>
    <ClCompile Include="..\ServerProject\AesHandler.cpp">
      <Filter>Encryptions</Filter>
    </ClCompile>
    <ClCompile Include="..\ServerProject\RSAHandler.cpp">
      <Filter>Encryptions</Filter>
    </ClCompile>
  </ItemGroup>
  <ItemGroup>
    <ClInclude Include="..\ServerProject\ECCHandler.h">
      <Filter>Encryptions</Filter>
    </ClInclude>
    <ClInclude Include="..\ServerProject\AesHandler.h">
      <Filter>Encryptions</Filter>
    </ClInclude>
    <ClInclude Include="..\ServerProject\RSAHandler.h">
      <Filter>Encryptions</Filter>
    </ClInclude>
    <ClInclude Include="..\ServerProject\Constants.h">
      <Filter>Header Files</Filter>
    </ClInclude>
    <ClInclude Include="..\ServerProject\ConversationObject.h">
      <Filter>Header Files</Filter>
    </ClInclude>
    <ClInclude Include="..\ServerProject\DatabaseHelper.h">
      <Filter>Header Files</Filter>
    </ClInclude>
    <ClInclude Include="..\ServerProject\Logger.h">
      <Filter>Header Files</Filter>
    </ClInclude>
    <ClInclude Include="..\ServerProject\NodeData.h">
      <Filter>Header Files</Filter>
    </ClInclude>
    <ClInclude Include="..\ServerProject\sqlite3.h">
      <Filter>Header Files</Filter>
    </ClInclude>
    <ClInclude Include="..\ServerProject\StatsData.h">
      <Filter>Header Files</Filter>
    </ClInclude>
    <ClInclude Include="..\ServerProject\Utility.h">
      <Filter>Header Files</Filter>
    </ClInclude>
    <ClInclude Include="Client.h">
      <Filter>Header Files</Filter>
    </ClInclude>
  </ItemGroup>
</Project>